# THIS IS AN AUTOGENERATED FILE. DO NOT EDIT THIS FILE DIRECTLY.
# yarn lockfile v1


"@moefy-canvas/core@^0.3.0":
  version "0.3.0"
  resolved "https://registry.npmjs.org/@moefy-canvas/core/-/core-0.3.0.tgz#09ad70e51b20729441b381ab1ac9ccdb31002ae5"
  integrity sha512-ZWE78QcK4fU3badHXLPQLcORU23b4SQtJFWtHHoXIl8qSxNVmLUUCmGnJ85Rg52/uAMbedZNi/kIIF4fu8I4Pg==

"@moefy-canvas/theme-popper@^0.3.0":
  version "0.3.0"
  resolved "https://registry.npmjs.org/@moefy-canvas/theme-popper/-/theme-popper-0.3.0.tgz#49ea9b935703f2cadf5a758bcf5f0f6efdfa3650"
  integrity sha512-p3KGs/RqCO47oD9mvn3HdTPcVhoyGUOqVyT/vXNBDXLEA/t14RW0a4lhjY6iKNisM23BVQNwjIxZBZrdkBnAUQ==
  dependencies:
    "@moefy-canvas/core" "^0.3.0"
    "@moefy-canvas/utils" "^0.3.0"
    ts-debounce "^4.0.0"

"@moefy-canvas/utils@^0.3.0":
  version "0.3.0"
  resolved "https://registry.npmjs.org/@moefy-canvas/utils/-/utils-0.3.0.tgz#882836c028164953d4c6d284754d8242159b1495"
  integrity sha512-dsdYvQKZg16yd+cvFDtL4zu8lPDJbHYcVBxMR4/MY+N/hSsMF8PMH04cE4szYstoZHrlLBZcB2cZEoxGas5PKw==
  dependencies:
    "@moefy-canvas/core" "^0.3.0"

ts-debounce@^4.0.0:
  version "4.0.0"
  resolved "https://registry.npmjs.org/ts-debounce/-/ts-debounce-4.0.0.tgz#33440ef64fab53793c3d546a8ca6ae539ec15841"
  integrity sha512-+1iDGY6NmOGidq7i7xZGA4cm8DAa6fqdYcvO5Z6yBevH++Bdo9Qt/mN0TzHUgcCcKv1gmh9+W5dHqz8pMWbCbg==
